// !$*UTF8*$!
{
	archiveVersion = 1;
	classes = {
	};
	objectVersion = 46;
	objects = {

/* Begin PBXBuildFile section */
		27342A6A1D8CBD21007FFBC4 /* Reminder.m in Sources */ = {isa = PBXBuildFile; fileRef = 27342A691D8CBD21007FFBC4 /* Reminder.m */; };
		27342A6D1D8CBE66007FFBC4 /* Product.m in Sources */ = {isa = PBXBuildFile; fileRef = 27342A6C1D8CBE66007FFBC4 /* Product.m */; };
		27FD48C8D6D406FDE0C2236F /* libPods-Chuchi.a in Frameworks */ = {isa = PBXBuildFile; fileRef = C2B8133A1CCB983E2AF83BB9 /* libPods-Chuchi.a */; };
		6C2A51261D8CB55100ACCBA8 /* main.m in Sources */ = {isa = PBXBuildFile; fileRef = 6C2A51251D8CB55100ACCBA8 /* main.m */; };
		6C2A51291D8CB55100ACCBA8 /* AppDelegate.m in Sources */ = {isa = PBXBuildFile; fileRef = 6C2A51281D8CB55100ACCBA8 /* AppDelegate.m */; };
		6C2A512C1D8CB55100ACCBA8 /* ViewController.m in Sources */ = {isa = PBXBuildFile; fileRef = 6C2A512B1D8CB55100ACCBA8 /* ViewController.m */; };
		6C2A512F1D8CB55100ACCBA8 /* Main.storyboard in Resources */ = {isa = PBXBuildFile; fileRef = 6C2A512D1D8CB55100ACCBA8 /* Main.storyboard */; };
		6C2A51311D8CB55100ACCBA8 /* Assets.xcassets in Resources */ = {isa = PBXBuildFile; fileRef = 6C2A51301D8CB55100ACCBA8 /* Assets.xcassets */; };
		6C2A51341D8CB55100ACCBA8 /* LaunchScreen.storyboard in Resources */ = {isa = PBXBuildFile; fileRef = 6C2A51321D8CB55100ACCBA8 /* LaunchScreen.storyboard */; };
		6C2A513C1D8CB93C00ACCBA8 /* GoogleService-Info.plist in Resources */ = {isa = PBXBuildFile; fileRef = 6C2A513B1D8CB93C00ACCBA8 /* GoogleService-Info.plist */; };
/* End PBXBuildFile section */

/* Begin PBXFileReference section */
		14CAB625B84134BA72AC4233 /* Pods-Chuchi.release.xcconfig */ = {isa = PBXFileReference; includeInIndex = 1; lastKnownFileType = text.xcconfig; name = "Pods-Chuchi.release.xcconfig"; path = "Pods/Target Support Files/Pods-Chuchi/Pods-Chuchi.release.xcconfig"; sourceTree = "<group>"; };
		27342A681D8CBD21007FFBC4 /* Reminder.h */ = {isa = PBXFileReference; fileEncoding = 4; lastKnownFileType = sourcecode.c.h; path = Reminder.h; sourceTree = "<group>"; };
		27342A691D8CBD21007FFBC4 /* Reminder.m */ = {isa = PBXFileReference; fileEncoding = 4; lastKnownFileType = sourcecode.c.objc; path = Reminder.m; sourceTree = "<group>"; };
		27342A6B1D8CBE66007FFBC4 /* Product.h */ = {isa = PBXFileReference; fileEncoding = 4; lastKnownFileType = sourcecode.c.h; path = Product.h; sourceTree = "<group>"; };
		27342A6C1D8CBE66007FFBC4 /* Product.m */ = {isa = PBXFileReference; fileEncoding = 4; lastKnownFileType = sourcecode.c.objc; path = Product.m; sourceTree = "<group>"; };
		6C2A51211D8CB55100ACCBA8 /* Chuchi.app */ = {isa = PBXFileReference; explicitFileType = wrapper.application; includeInIndex = 0; path = Chuchi.app; sourceTree = BUILT_PRODUCTS_DIR; };
		6C2A51251D8CB55100ACCBA8 /* main.m */ = {isa = PBXFileReference; lastKnownFileType = sourcecode.c.objc; path = main.m; sourceTree = "<group>"; };
		6C2A51271D8CB55100ACCBA8 /* AppDelegate.h */ = {isa = PBXFileReference; lastKnownFileType = sourcecode.c.h; path = AppDelegate.h; sourceTree = "<group>"; };
		6C2A51281D8CB55100ACCBA8 /* AppDelegate.m */ = {isa = PBXFileReference; lastKnownFileType = sourcecode.c.objc; path = AppDelegate.m; sourceTree = "<group>"; };
		6C2A512A1D8CB55100ACCBA8 /* ViewController.h */ = {isa = PBXFileReference; lastKnownFileType = sourcecode.c.h; path = ViewController.h; sourceTree = "<group>"; };
		6C2A512B1D8CB55100ACCBA8 /* ViewController.m */ = {isa = PBXFileReference; lastKnownFileType = sourcecode.c.objc; path = ViewController.m; sourceTree = "<group>"; };
		6C2A512E1D8CB55100ACCBA8 /* Base */ = {isa = PBXFileReference; lastKnownFileType = file.storyboard; name = Base; path = Base.lproj/Main.storyboard; sourceTree = "<group>"; };
		6C2A51301D8CB55100ACCBA8 /* Assets.xcassets */ = {isa = PBXFileReference; lastKnownFileType = folder.assetcatalog; path = Assets.xcassets; sourceTree = "<group>"; };
		6C2A51331D8CB55100ACCBA8 /* Base */ = {isa = PBXFileReference; lastKnownFileType = file.storyboard; name = Base; path = Base.lproj/LaunchScreen.storyboard; sourceTree = "<group>"; };
		6C2A51351D8CB55100ACCBA8 /* Info.plist */ = {isa = PBXFileReference; lastKnownFileType = text.plist.xml; path = Info.plist; sourceTree = "<group>"; };
		6C2A513B1D8CB93C00ACCBA8 /* GoogleService-Info.plist */ = {isa = PBXFileReference; fileEncoding = 4; lastKnownFileType = text.plist.xml; path = "GoogleService-Info.plist"; sourceTree = "<group>"; };
		6FDB1F386C8E3683D202FACF /* Pods-Chuchi.debug.xcconfig */ = {isa = PBXFileReference; includeInIndex = 1; lastKnownFileType = text.xcconfig; name = "Pods-Chuchi.debug.xcconfig"; path = "Pods/Target Support Files/Pods-Chuchi/Pods-Chuchi.debug.xcconfig"; sourceTree = "<group>"; };
		C2B8133A1CCB983E2AF83BB9 /* libPods-Chuchi.a */ = {isa = PBXFileReference; explicitFileType = archive.ar; includeInIndex = 0; path = "libPods-Chuchi.a"; sourceTree = BUILT_PRODUCTS_DIR; };
/* End PBXFileReference section */

/* Begin PBXFrameworksBuildPhase section */
		6C2A511E1D8CB55100ACCBA8 /* Frameworks */ = {
			isa = PBXFrameworksBuildPhase;
			buildActionMask = 2147483647;
			files = (
				27FD48C8D6D406FDE0C2236F /* libPods-Chuchi.a in Frameworks */,
			);
			runOnlyForDeploymentPostprocessing = 0;
		};
/* End PBXFrameworksBuildPhase section */

/* Begin PBXGroup section */
		27342A671D8CBD03007FFBC4 /* Model */ = {
			isa = PBXGroup;
			children = (
				27342A681D8CBD21007FFBC4 /* Reminder.h */,
				27342A691D8CBD21007FFBC4 /* Reminder.m */,
				27342A6B1D8CBE66007FFBC4 /* Product.h */,
				27342A6C1D8CBE66007FFBC4 /* Product.m */,
			);
			name = Model;
			sourceTree = "<group>";
		};
		6C2A51181D8CB55100ACCBA8 = {
			isa = PBXGroup;
			children = (
				6C2A51231D8CB55100ACCBA8 /* Chuchi */,
				6C2A51221D8CB55100ACCBA8 /* Products */,
				A21E329900E99F751DDE3EED /* Pods */,
				C8BCA3DCE7B763CF0B780DFE /* Frameworks */,
			);
			sourceTree = "<group>";
		};
		6C2A51221D8CB55100ACCBA8 /* Products */ = {
			isa = PBXGroup;
			children = (
				6C2A51211D8CB55100ACCBA8 /* Chuchi.app */,
			);
			name = Products;
			sourceTree = "<group>";
		};
		6C2A51231D8CB55100ACCBA8 /* Chuchi */ = {
			isa = PBXGroup;
			children = (
				27342A671D8CBD03007FFBC4 /* Model */,
				6C2A51271D8CB55100ACCBA8 /* AppDelegate.h */,
				6C2A51281D8CB55100ACCBA8 /* AppDelegate.m */,
				6C2A512A1D8CB55100ACCBA8 /* ViewController.h */,
				6C2A512B1D8CB55100ACCBA8 /* ViewController.m */,
				6C2A512D1D8CB55100ACCBA8 /* Main.storyboard */,
				6C2A51301D8CB55100ACCBA8 /* Assets.xcassets */,
				6C2A51321D8CB55100ACCBA8 /* LaunchScreen.storyboard */,
				6C2A51241D8CB55100ACCBA8 /* Supporting Files */,
			);
			path = Chuchi;
			sourceTree = "<group>";
		};
		6C2A51241D8CB55100ACCBA8 /* Supporting Files */ = {
			isa = PBXGroup;
			children = (
				6C2A513B1D8CB93C00ACCBA8 /* GoogleService-Info.plist */,
				6C2A51351D8CB55100ACCBA8 /* Info.plist */,
				6C2A51251D8CB55100ACCBA8 /* main.m */,
			);
			name = "Supporting Files";
			sourceTree = "<group>";
		};
		A21E329900E99F751DDE3EED /* Pods */ = {
			isa = PBXGroup;
			children = (
				6FDB1F386C8E3683D202FACF /* Pods-Chuchi.debug.xcconfig */,
				14CAB625B84134BA72AC4233 /* Pods-Chuchi.release.xcconfig */,
			);
			name = Pods;
			sourceTree = "<group>";
		};
		C8BCA3DCE7B763CF0B780DFE /* Frameworks */ = {
			isa = PBXGroup;
			children = (
				C2B8133A1CCB983E2AF83BB9 /* libPods-Chuchi.a */,
			);
			name = Frameworks;
			sourceTree = "<group>";
		};
/* End PBXGroup section */

/* Begin PBXNativeTarget section */
		6C2A51201D8CB55100ACCBA8 /* Chuchi */ = {
			isa = PBXNativeTarget;
			buildConfigurationList = 6C2A51381D8CB55100ACCBA8 /* Build configuration list for PBXNativeTarget "Chuchi" */;
			buildPhases = (
				04F6FD1C07D36C3A5B39A4CB /* [CP] Check Pods Manifest.lock */,
				6C2A511D1D8CB55100ACCBA8 /* Sources */,
				6C2A511E1D8CB55100ACCBA8 /* Frameworks */,
				6C2A511F1D8CB55100ACCBA8 /* Resources */,
				CC8234EE628F2BADA2EA2EB0 /* [CP] Embed Pods Frameworks */,
				AC7293ED8A6A5E7DFD9E2C52 /* [CP] Copy Pods Resources */,
			);
			buildRules = (
			);
			dependencies = (
			);
			name = Chuchi;
			productName = Chuchi;
			productReference = 6C2A51211D8CB55100ACCBA8 /* Chuchi.app */;
			productType = "com.apple.product-type.application";
		};
/* End PBXNativeTarget section */

/* Begin PBXProject section */
		6C2A51191D8CB55100ACCBA8 /* Project object */ = {
			isa = PBXProject;
			attributes = {
				LastUpgradeCheck = 0800;
				ORGANIZATIONNAME = angel;
				TargetAttributes = {
					6C2A51201D8CB55100ACCBA8 = {
						CreatedOnToolsVersion = 8.0;
						DevelopmentTeam = JEHAG5DVUC;
						ProvisioningStyle = Automatic;
					};
				};
			};
			buildConfigurationList = 6C2A511C1D8CB55100ACCBA8 /* Build configuration list for PBXProject "Chuchi" */;
			compatibilityVersion = "Xcode 3.2";
			developmentRegion = English;
			hasScannedForEncodings = 0;
			knownRegions = (
				en,
				Base,
			);
			mainGroup = 6C2A51181D8CB55100ACCBA8;
			productRefGroup = 6C2A51221D8CB55100ACCBA8 /* Products */;
			projectDirPath = "";
			projectRoot = "";
			targets = (
				6C2A51201D8CB55100ACCBA8 /* Chuchi */,
			);
		};
/* End PBXProject section */

/* Begin PBXResourcesBuildPhase section */
		6C2A511F1D8CB55100ACCBA8 /* Resources */ = {
			isa = PBXResourcesBuildPhase;
			buildActionMask = 2147483647;
			files = (
				6C2A51341D8CB55100ACCBA8 /* LaunchScreen.storyboard in Resources */,
				6C2A513C1D8CB93C00ACCBA8 /* GoogleService-Info.plist in Resources */,
				6C2A51311D8CB55100ACCBA8 /* Assets.xcassets in Resources */,
				6C2A512F1D8CB55100ACCBA8 /* Main.storyboard in Resources */,
			);
			runOnlyForDeploymentPostprocessing = 0;
		};
/* End PBXResourcesBuildPhase section */

/* Begin PBXShellScriptBuildPhase section */
		04F6FD1C07D36C3A5B39A4CB /* [CP] Check Pods Manifest.lock */ = {
			isa = PBXShellScriptBuildPhase;
			buildActionMask = 2147483647;
			files = (
			);
			inputPaths = (
			);
			name = "[CP] Check Pods Manifest.lock";
			outputPaths = (
			);
			runOnlyForDeploymentPostprocessing = 0;
			shellPath = /bin/sh;
			shellScript = "diff \"${PODS_ROOT}/../Podfile.lock\" \"${PODS_ROOT}/Manifest.lock\" > /dev/null\nif [[ $? != 0 ]] ; then\n    cat << EOM\nerror: The sandbox is not in sync with the Podfile.lock. Run 'pod install' or update your CocoaPods installation.\nEOM\n    exit 1\nfi\n";
			showEnvVarsInLog = 0;
		};
		AC7293ED8A6A5E7DFD9E2C52 /* [CP] Copy Pods Resources */ = {
			isa = PBXShellScriptBuildPhase;
			buildActionMask = 2147483647;
			files = (
			);
			inputPaths = (
			);
			name = "[CP] Copy Pods Resources";
			outputPaths = (
			);
			runOnlyForDeploymentPostprocessing = 0;
			shellPath = /bin/sh;
			shellScript = "\"${SRCROOT}/Pods/Target Support Files/Pods-Chuchi/Pods-Chuchi-resources.sh\"\n";
			showEnvVarsInLog = 0;
		};
		CC8234EE628F2BADA2EA2EB0 /* [CP] Embed Pods Frameworks */ = {
			isa = PBXShellScriptBuildPhase;
			buildActionMask = 2147483647;
			files = (
			);
			inputPaths = (
			);
			name = "[CP] Embed Pods Frameworks";
			outputPaths = (
			);
			runOnlyForDeploymentPostprocessing = 0;
			shellPath = /bin/sh;
			shellScript = "\"${SRCROOT}/Pods/Target Support Files/Pods-Chuchi/Pods-Chuchi-frameworks.sh\"\n";
			showEnvVarsInLog = 0;
		};
/* End PBXShellScriptBuildPhase section */

/* Begin PBXSourcesBuildPhase section */
		6C2A511D1D8CB55100ACCBA8 /* Sources */ = {
			isa = PBXSourcesBuildPhase;
			buildActionMask = 2147483647;
			files = (
				6C2A512C1D8CB55100ACCBA8 /* ViewController.m in Sources */,
				27342A6D1D8CBE66007FFBC4 /* Product.m in Sources */,
				6C2A51291D8CB55100ACCBA8 /* AppDelegate.m in Sources */,
				6C2A51261D8CB55100ACCBA8 /* main.m in Sources */,
				27342A6A1D8CBD21007FFBC4 /* Reminder.m in Sources */,
			);
			runOnlyForDeploymentPostprocessing = 0;
		};
/* End PBXSourcesBuildPhase section */

/* Begin PBXVariantGroup section */
		6C2A512D1D8CB55100ACCBA8 /* Main.storyboard */ = {
			isa = PBXVariantGroup;
			children = (
				6C2A512E1D8CB55100ACCBA8 /* Base */,
			);
			name = Main.storyboard;
			sourceTree = "<group>";
		};
		6C2A51321D8CB55100ACCBA8 /* LaunchScreen.storyboard */ = {
			isa = PBXVariantGroup;
			children = (
				6C2A51331D8CB55100ACCBA8 /* Base */,
			);
			name = LaunchScreen.storyboard;
			sourceTree = "<group>";
		};
/* End PBXVariantGroup section */

/* Begin XCBuildConfiguration section */
		6C2A51361D8CB55100ACCBA8 /* Debug */ = {
			isa = XCBuildConfiguration;
			buildSettings = {
				ALWAYS_SEARCH_USER_PATHS = NO;
				CLANG_ANALYZER_NONNULL = YES;
				CLANG_CXX_LANGUAGE_STANDARD = "gnu++0x";
				CLANG_CXX_LIBRARY = "libc++";
				CLANG_ENABLE_MODULES = YES;
				CLANG_ENABLE_OBJC_ARC = YES;
				CLANG_WARN_BOOL_CONVERSION = YES;
				CLANG_WARN_CONSTANT_CONVERSION = YES;
				CLANG_WARN_DIRECT_OBJC_ISA_USAGE = YES_ERROR;
				CLANG_WARN_DOCUMENTATION_COMMENTS = YES;
				CLANG_WARN_EMPTY_BODY = YES;
				CLANG_WARN_ENUM_CONVERSION = YES;
				CLANG_WARN_INFINITE_RECURSION = YES;
				CLANG_WARN_INT_CONVERSION = YES;
				CLANG_WARN_OBJC_ROOT_CLASS = YES_ERROR;
				CLANG_WARN_SUSPICIOUS_MOVES = YES;
				CLANG_WARN_UNREACHABLE_CODE = YES;
				CLANG_WARN__DUPLICATE_METHOD_MATCH = YES;
				"CODE_SIGN_IDENTITY[sdk=iphoneos*]" = "iPhone Developer";
				COPY_PHASE_STRIP = NO;
				DEBUG_INFORMATION_FORMAT = dwarf;
				ENABLE_STRICT_OBJC_MSGSEND = YES;
				ENABLE_TESTABILITY = YES;
				GCC_C_LANGUAGE_STANDARD = gnu99;
				GCC_DYNAMIC_NO_PIC = NO;
				GCC_NO_COMMON_BLOCKS = YES;
				GCC_OPTIMIZATION_LEVEL = 0;
				GCC_PREPROCESSOR_DEFINITIONS = (
					"DEBUG=1",
					"$(inherited)",
				);
				GCC_WARN_64_TO_32_BIT_CONVERSION = YES;
				GCC_WARN_ABOUT_RETURN_TYPE = YES_ERROR;
				GCC_WARN_UNDECLARED_SELECTOR = YES;
				GCC_WARN_UNINITIALIZED_AUTOS = YES_AGGRESSIVE;
				GCC_WARN_UNUSED_FUNCTION = YES;
				GCC_WARN_UNUSED_VARIABLE = YES;
				IPHONEOS_DEPLOYMENT_TARGET = 10.0;
				MTL_ENABLE_DEBUG_INFO = YES;
				ONLY_ACTIVE_ARCH = YES;
				SDKROOT = iphoneos;
			};
			name = Debug;
		};
		6C2A51371D8CB55100ACCBA8 /* Release */ = {
			isa = XCBuildConfiguration;
			buildSettings = {
				ALWAYS_SEARCH_USER_PATHS = NO;
				CLANG_ANALYZER_NONNULL = YES;
				CLANG_CXX_LANGUAGE_STANDARD = "gnu++0x";
				CLANG_CXX_LIBRARY = "libc++";
				CLANG_ENABLE_MODULES = YES;
				CLANG_ENABLE_OBJC_ARC = YES;
				CLANG_WARN_BOOL_CONVERSION = YES;
				CLANG_WARN_CONSTANT_CONVERSION = YES;
				CLANG_WARN_DIRECT_OBJC_ISA_USAGE = YES_ERROR;
				CLANG_WARN_DOCUMENTATION_COMMENTS = YES;
				CLANG_WARN_EMPTY_BODY = YES;
				CLANG_WARN_ENUM_CONVERSION = YES;
				CLANG_WARN_INFINITE_RECURSION = YES;
				CLANG_WARN_INT_CONVERSION = YES;
				CLANG_WARN_OBJC_ROOT_CLASS = YES_ERROR;
				CLANG_WARN_SUSPICIOUS_MOVES = YES;
				CLANG_WARN_UNREACHABLE_CODE = YES;
				CLANG_WARN__DUPLICATE_METHOD_MATCH = YES;
				"CODE_SIGN_IDENTITY[sdk=iphoneos*]" = "iPhone Developer";
				COPY_PHASE_STRIP = NO;
				DEBUG_INFORMATION_FORMAT = "dwarf-with-dsym";
				ENABLE_NS_ASSERTIONS = NO;
				ENABLE_STRICT_OBJC_MSGSEND = YES;
				GCC_C_LANGUAGE_STANDARD = gnu99;
				GCC_NO_COMMON_BLOCKS = YES;
				GCC_WARN_64_TO_32_BIT_CONVERSION = YES;
				GCC_WARN_ABOUT_RETURN_TYPE = YES_ERROR;
				GCC_WARN_UNDECLARED_SELECTOR = YES;
				GCC_WARN_UNINITIALIZED_AUTOS = YES_AGGRESSIVE;
				GCC_WARN_UNUSED_FUNCTION = YES;
				GCC_WARN_UNUSED_VARIABLE = YES;
				IPHONEOS_DEPLOYMENT_TARGET = 10.0;
				MTL_ENABLE_DEBUG_INFO = NO;
				SDKROOT = iphoneos;
				VALIDATE_PRODUCT = YES;
			};
			name = Release;
		};
		6C2A51391D8CB55100ACCBA8 /* Debug */ = {
			isa = XCBuildConfiguration;
			baseConfigurationReference = 6FDB1F386C8E3683D202FACF /* Pods-Chuchi.debug.xcconfig */;
			buildSettings = {
				ASSETCATALOG_COMPILER_APPICON_NAME = AppIcon;
				DEVELOPMENT_TEAM = JEHAG5DVUC;
				INFOPLIST_FILE = Chuchi/Info.plist;
				LD_RUNPATH_SEARCH_PATHS = "$(inherited) @executable_path/Frameworks";
				PRODUCT_BUNDLE_IDENTIFIER = hackzurich.Chuchi;
				PRODUCT_NAME = "$(TARGET_NAME)";
			};
			name = Debug;
		};
		6C2A513A1D8CB55100ACCBA8 /* Release */ = {
			isa = XCBuildConfiguration;
			baseConfigurationReference = 14CAB625B84134BA72AC4233 /* Pods-Chuchi.release.xcconfig */;
			buildSettings = {
				ASSETCATALOG_COMPILER_APPICON_NAME = AppIcon;
				DEVELOPMENT_TEAM = JEHAG5DVUC;
				INFOPLIST_FILE = Chuchi/Info.plist;
				LD_RUNPATH_SEARCH_PATHS = "$(inherited) @executable_path/Frameworks";
				PRODUCT_BUNDLE_IDENTIFIER = hackzurich.Chuchi;
				PRODUCT_NAME = "$(TARGET_NAME)";
			};
			name = Release;
		};
/* End XCBuildConfiguration section */

/* Begin XCConfigurationList section */
		6C2A511C1D8CB55100ACCBA8 /* Build configuration list for PBXProject "Chuchi" */ = {
			isa = XCConfigurationList;
			buildConfigurations = (
				6C2A51361D8CB55100ACCBA8 /* Debug */,
				6C2A51371D8CB55100ACCBA8 /* Release */,
			);
			defaultConfigurationIsVisible = 0;
			defaultConfigurationName = Release;
		};
		6C2A51381D8CB55100ACCBA8 /* Build configuration list for PBXNativeTarget "Chuchi" */ = {
			isa = XCConfigurationList;
			buildConfigurations = (
				6C2A51391D8CB55100ACCBA8 /* Debug */,
				6C2A513A1D8CB55100ACCBA8 /* Release */,
			);
			defaultConfigurationIsVisible = 0;
			defaultConfigurationName = Release;
		};
/* End XCConfigurationList section */
	};
	rootObject = 6C2A51191D8CB55100ACCBA8 /* Project object */;
}
