// !$*UTF8*$!
{
	archiveVersion = 1;
	classes = {
	};
	objectVersion = 46;
	objects = {

/* Begin PBXBuildFile section */
		27324BC21D8D6F4C00CC1D26 /* AvailabilityCheckService.m in Sources */ = {isa = PBXBuildFile; fileRef = 27324BC11D8D6F4C00CC1D26 /* AvailabilityCheckService.m */; };
		27324BC61D8D7D2300CC1D26 /* User.m in Sources */ = {isa = PBXBuildFile; fileRef = 27324BC51D8D7D2300CC1D26 /* User.m */; };
		27324BC91D8D84AD00CC1D26 /* ProductService.m in Sources */ = {isa = PBXBuildFile; fileRef = 27324BC81D8D84AD00CC1D26 /* ProductService.m */; };
		27342A6A1D8CBD21007FFBC4 /* Reminder.m in Sources */ = {isa = PBXBuildFile; fileRef = 27342A691D8CBD21007FFBC4 /* Reminder.m */; };
		27342A6D1D8CBE66007FFBC4 /* Product.m in Sources */ = {isa = PBXBuildFile; fileRef = 27342A6C1D8CBE66007FFBC4 /* Product.m */; };
		27342A761D8D38C4007FFBC4 /* IntentHandler.m in Sources */ = {isa = PBXBuildFile; fileRef = 27342A751D8D38C4007FFBC4 /* IntentHandler.m */; };
		27342A7E1D8D38C4007FFBC4 /* IntentsUI.framework in Frameworks */ = {isa = PBXBuildFile; fileRef = 27342A7D1D8D38C4007FFBC4 /* IntentsUI.framework */; };
		27342A821D8D38C4007FFBC4 /* IntentViewController.m in Sources */ = {isa = PBXBuildFile; fileRef = 27342A811D8D38C4007FFBC4 /* IntentViewController.m */; };
		27342A851D8D38C4007FFBC4 /* MainInterface.storyboard in Resources */ = {isa = PBXBuildFile; fileRef = 27342A831D8D38C4007FFBC4 /* MainInterface.storyboard */; };
		27342A891D8D38C4007FFBC4 /* ChuchiSiriExtensionUI.appex in Embed App Extensions */ = {isa = PBXBuildFile; fileRef = 27342A7C1D8D38C4007FFBC4 /* ChuchiSiriExtensionUI.appex */; settings = {ATTRIBUTES = (RemoveHeadersOnCopy, ); }; };
		27342A8C1D8D38C4007FFBC4 /* ChuchiSiriExtension.appex in Embed App Extensions */ = {isa = PBXBuildFile; fileRef = 27342A721D8D38C4007FFBC4 /* ChuchiSiriExtension.appex */; settings = {ATTRIBUTES = (RemoveHeadersOnCopy, ); }; };
		27342A971D8D3F32007FFBC4 /* ReminderCreatorService.m in Sources */ = {isa = PBXBuildFile; fileRef = 27342A961D8D3F32007FFBC4 /* ReminderCreatorService.m */; };
		27342A9B1D8D4701007FFBC4 /* GoogleService-Info.plist in Resources */ = {isa = PBXBuildFile; fileRef = 27342A9A1D8D4701007FFBC4 /* GoogleService-Info.plist */; };
		27FD48C8D6D406FDE0C2236F /* libPods-Chuchi.a in Frameworks */ = {isa = PBXBuildFile; fileRef = C2B8133A1CCB983E2AF83BB9 /* libPods-Chuchi.a */; };
		6C2A51261D8CB55100ACCBA8 /* main.m in Sources */ = {isa = PBXBuildFile; fileRef = 6C2A51251D8CB55100ACCBA8 /* main.m */; };
		6C2A51291D8CB55100ACCBA8 /* AppDelegate.m in Sources */ = {isa = PBXBuildFile; fileRef = 6C2A51281D8CB55100ACCBA8 /* AppDelegate.m */; };
		6C2A512C1D8CB55100ACCBA8 /* ViewController.m in Sources */ = {isa = PBXBuildFile; fileRef = 6C2A512B1D8CB55100ACCBA8 /* ViewController.m */; };
		6C2A512F1D8CB55100ACCBA8 /* Main.storyboard in Resources */ = {isa = PBXBuildFile; fileRef = 6C2A512D1D8CB55100ACCBA8 /* Main.storyboard */; };
		6C2A51311D8CB55100ACCBA8 /* Assets.xcassets in Resources */ = {isa = PBXBuildFile; fileRef = 6C2A51301D8CB55100ACCBA8 /* Assets.xcassets */; };
		6C2A51341D8CB55100ACCBA8 /* LaunchScreen.storyboard in Resources */ = {isa = PBXBuildFile; fileRef = 6C2A51321D8CB55100ACCBA8 /* LaunchScreen.storyboard */; };
		6C2A513C1D8CB93C00ACCBA8 /* GoogleService-Info.plist in Resources */ = {isa = PBXBuildFile; fileRef = 6C2A513B1D8CB93C00ACCBA8 /* GoogleService-Info.plist */; };
		6C6789911D8D8C63006F4118 /* ScanditBarcodeScanner.framework in Frameworks */ = {isa = PBXBuildFile; fileRef = 6C6789901D8D8C63006F4118 /* ScanditBarcodeScanner.framework */; };
		6C6789931D8D8CDC006F4118 /* ScanditBarcodeScanner.bundle in Resources */ = {isa = PBXBuildFile; fileRef = 6C6789921D8D8CDC006F4118 /* ScanditBarcodeScanner.bundle */; };
		6C6789951D8D8D1A006F4118 /* MediaPlayer.framework in Frameworks */ = {isa = PBXBuildFile; fileRef = 6C6789941D8D8D1A006F4118 /* MediaPlayer.framework */; };
		6C6789971D8D8D21006F4118 /* CoreText.framework in Frameworks */ = {isa = PBXBuildFile; fileRef = 6C6789961D8D8D21006F4118 /* CoreText.framework */; };
		6C6789991D8D8D28006F4118 /* OpenGLES.framework in Frameworks */ = {isa = PBXBuildFile; fileRef = 6C6789981D8D8D28006F4118 /* OpenGLES.framework */; };
		6C67899B1D8D8D30006F4118 /* MessageUI.framework in Frameworks */ = {isa = PBXBuildFile; fileRef = 6C67899A1D8D8D30006F4118 /* MessageUI.framework */; };
		6C67899D1D8D8D3A006F4118 /* CoreVideo.framework in Frameworks */ = {isa = PBXBuildFile; fileRef = 6C67899C1D8D8D3A006F4118 /* CoreVideo.framework */; };
		6C67899F1D8D8D47006F4118 /* CoreGraphics.framework in Frameworks */ = {isa = PBXBuildFile; fileRef = 6C67899E1D8D8D47006F4118 /* CoreGraphics.framework */; };
		6C6789A11D8D8D4F006F4118 /* AudioToolbox.framework in Frameworks */ = {isa = PBXBuildFile; fileRef = 6C6789A01D8D8D4F006F4118 /* AudioToolbox.framework */; };
		6C6789A31D8D8D56006F4118 /* AVFoundation.framework in Frameworks */ = {isa = PBXBuildFile; fileRef = 6C6789A21D8D8D56006F4118 /* AVFoundation.framework */; };
		6C6789A51D8D8D5D006F4118 /* QuartzCore.framework in Frameworks */ = {isa = PBXBuildFile; fileRef = 6C6789A41D8D8D5D006F4118 /* QuartzCore.framework */; };
		6C6789A71D8D8D64006F4118 /* CoreLocation.framework in Frameworks */ = {isa = PBXBuildFile; fileRef = 6C6789A61D8D8D64006F4118 /* CoreLocation.framework */; };
		6C6789A91D8D8D6A006F4118 /* SystemConfiguration.framework in Frameworks */ = {isa = PBXBuildFile; fileRef = 6C6789A81D8D8D6A006F4118 /* SystemConfiguration.framework */; };
		6C6789AB1D8D8D75006F4118 /* libz.tbd in Frameworks */ = {isa = PBXBuildFile; fileRef = 6C6789AA1D8D8D75006F4118 /* libz.tbd */; };
		6C6789AD1D8D8D85006F4118 /* libc++.tbd in Frameworks */ = {isa = PBXBuildFile; fileRef = 6C6789AC1D8D8D85006F4118 /* libc++.tbd */; };
		6C6789AF1D8D8D92006F4118 /* libiconv.tbd in Frameworks */ = {isa = PBXBuildFile; fileRef = 6C6789AE1D8D8D92006F4118 /* libiconv.tbd */; };
		6C6789B11D8D8DCE006F4118 /* CoreMedia.framework in Frameworks */ = {isa = PBXBuildFile; fileRef = 6C6789B01D8D8DCE006F4118 /* CoreMedia.framework */; };
		6C6789B31D8D8DE1006F4118 /* Foundation.framework in Frameworks */ = {isa = PBXBuildFile; fileRef = 6C6789B21D8D8DE1006F4118 /* Foundation.framework */; };
		9BF5C854961361AC8EB2E1B9 /* libPods-ChuchiSiriExtension.a in Frameworks */ = {isa = PBXBuildFile; fileRef = 88BEB814F4EE18CBC284CF20 /* libPods-ChuchiSiriExtension.a */; };
/* End PBXBuildFile section */

/* Begin PBXContainerItemProxy section */
		27342A871D8D38C4007FFBC4 /* PBXContainerItemProxy */ = {
			isa = PBXContainerItemProxy;
			containerPortal = 6C2A51191D8CB55100ACCBA8 /* Project object */;
			proxyType = 1;
			remoteGlobalIDString = 27342A7B1D8D38C4007FFBC4;
			remoteInfo = ChuchiSiriExtensionUI;
		};
		27342A8A1D8D38C4007FFBC4 /* PBXContainerItemProxy */ = {
			isa = PBXContainerItemProxy;
			containerPortal = 6C2A51191D8CB55100ACCBA8 /* Project object */;
			proxyType = 1;
			remoteGlobalIDString = 27342A711D8D38C4007FFBC4;
			remoteInfo = ChuchiSiriExtension;
		};
/* End PBXContainerItemProxy section */

/* Begin PBXCopyFilesBuildPhase section */
		27342A931D8D38C4007FFBC4 /* Embed App Extensions */ = {
			isa = PBXCopyFilesBuildPhase;
			buildActionMask = 2147483647;
			dstPath = "";
			dstSubfolderSpec = 13;
			files = (
				27342A891D8D38C4007FFBC4 /* ChuchiSiriExtensionUI.appex in Embed App Extensions */,
				27342A8C1D8D38C4007FFBC4 /* ChuchiSiriExtension.appex in Embed App Extensions */,
			);
			name = "Embed App Extensions";
			runOnlyForDeploymentPostprocessing = 0;
		};
/* End PBXCopyFilesBuildPhase section */

/* Begin PBXFileReference section */
		14CAB625B84134BA72AC4233 /* Pods-Chuchi.release.xcconfig */ = {isa = PBXFileReference; includeInIndex = 1; lastKnownFileType = text.xcconfig; name = "Pods-Chuchi.release.xcconfig"; path = "Pods/Target Support Files/Pods-Chuchi/Pods-Chuchi.release.xcconfig"; sourceTree = "<group>"; };
		27324BC01D8D6F4C00CC1D26 /* AvailabilityCheckService.h */ = {isa = PBXFileReference; fileEncoding = 4; lastKnownFileType = sourcecode.c.h; path = AvailabilityCheckService.h; sourceTree = "<group>"; };
		27324BC11D8D6F4C00CC1D26 /* AvailabilityCheckService.m */ = {isa = PBXFileReference; fileEncoding = 4; lastKnownFileType = sourcecode.c.objc; path = AvailabilityCheckService.m; sourceTree = "<group>"; };
		27324BC41D8D7D2300CC1D26 /* User.h */ = {isa = PBXFileReference; fileEncoding = 4; lastKnownFileType = sourcecode.c.h; path = User.h; sourceTree = "<group>"; };
		27324BC51D8D7D2300CC1D26 /* User.m */ = {isa = PBXFileReference; fileEncoding = 4; lastKnownFileType = sourcecode.c.objc; path = User.m; sourceTree = "<group>"; };
		27324BC71D8D84AD00CC1D26 /* ProductService.h */ = {isa = PBXFileReference; fileEncoding = 4; lastKnownFileType = sourcecode.c.h; path = ProductService.h; sourceTree = "<group>"; };
		27324BC81D8D84AD00CC1D26 /* ProductService.m */ = {isa = PBXFileReference; fileEncoding = 4; lastKnownFileType = sourcecode.c.objc; path = ProductService.m; sourceTree = "<group>"; };
		27342A681D8CBD21007FFBC4 /* Reminder.h */ = {isa = PBXFileReference; fileEncoding = 4; lastKnownFileType = sourcecode.c.h; path = Reminder.h; sourceTree = "<group>"; };
		27342A691D8CBD21007FFBC4 /* Reminder.m */ = {isa = PBXFileReference; fileEncoding = 4; lastKnownFileType = sourcecode.c.objc; path = Reminder.m; sourceTree = "<group>"; };
		27342A6B1D8CBE66007FFBC4 /* Product.h */ = {isa = PBXFileReference; fileEncoding = 4; lastKnownFileType = sourcecode.c.h; path = Product.h; sourceTree = "<group>"; };
		27342A6C1D8CBE66007FFBC4 /* Product.m */ = {isa = PBXFileReference; fileEncoding = 4; lastKnownFileType = sourcecode.c.objc; path = Product.m; sourceTree = "<group>"; };
		27342A721D8D38C4007FFBC4 /* ChuchiSiriExtension.appex */ = {isa = PBXFileReference; explicitFileType = "wrapper.app-extension"; includeInIndex = 0; path = ChuchiSiriExtension.appex; sourceTree = BUILT_PRODUCTS_DIR; };
		27342A741D8D38C4007FFBC4 /* IntentHandler.h */ = {isa = PBXFileReference; lastKnownFileType = sourcecode.c.h; path = IntentHandler.h; sourceTree = "<group>"; };
		27342A751D8D38C4007FFBC4 /* IntentHandler.m */ = {isa = PBXFileReference; lastKnownFileType = sourcecode.c.objc; path = IntentHandler.m; sourceTree = "<group>"; };
		27342A771D8D38C4007FFBC4 /* Info.plist */ = {isa = PBXFileReference; lastKnownFileType = text.plist.xml; path = Info.plist; sourceTree = "<group>"; };
		27342A7C1D8D38C4007FFBC4 /* ChuchiSiriExtensionUI.appex */ = {isa = PBXFileReference; explicitFileType = "wrapper.app-extension"; includeInIndex = 0; path = ChuchiSiriExtensionUI.appex; sourceTree = BUILT_PRODUCTS_DIR; };
		27342A7D1D8D38C4007FFBC4 /* IntentsUI.framework */ = {isa = PBXFileReference; lastKnownFileType = wrapper.framework; name = IntentsUI.framework; path = System/Library/Frameworks/IntentsUI.framework; sourceTree = SDKROOT; };
		27342A801D8D38C4007FFBC4 /* IntentViewController.h */ = {isa = PBXFileReference; lastKnownFileType = sourcecode.c.h; path = IntentViewController.h; sourceTree = "<group>"; };
		27342A811D8D38C4007FFBC4 /* IntentViewController.m */ = {isa = PBXFileReference; lastKnownFileType = sourcecode.c.objc; path = IntentViewController.m; sourceTree = "<group>"; };
		27342A841D8D38C4007FFBC4 /* Base */ = {isa = PBXFileReference; lastKnownFileType = file.storyboard; name = Base; path = Base.lproj/MainInterface.storyboard; sourceTree = "<group>"; };
		27342A861D8D38C4007FFBC4 /* Info.plist */ = {isa = PBXFileReference; lastKnownFileType = text.plist.xml; path = Info.plist; sourceTree = "<group>"; };
		27342A951D8D3F32007FFBC4 /* ReminderCreatorService.h */ = {isa = PBXFileReference; fileEncoding = 4; lastKnownFileType = sourcecode.c.h; path = ReminderCreatorService.h; sourceTree = "<group>"; };
		27342A961D8D3F32007FFBC4 /* ReminderCreatorService.m */ = {isa = PBXFileReference; fileEncoding = 4; lastKnownFileType = sourcecode.c.objc; path = ReminderCreatorService.m; sourceTree = "<group>"; };
		27342A9A1D8D4701007FFBC4 /* GoogleService-Info.plist */ = {isa = PBXFileReference; fileEncoding = 4; lastKnownFileType = text.plist.xml; path = "GoogleService-Info.plist"; sourceTree = "<group>"; };
		6C2A51211D8CB55100ACCBA8 /* Chuchi.app */ = {isa = PBXFileReference; explicitFileType = wrapper.application; includeInIndex = 0; path = Chuchi.app; sourceTree = BUILT_PRODUCTS_DIR; };
		6C2A51251D8CB55100ACCBA8 /* main.m */ = {isa = PBXFileReference; lastKnownFileType = sourcecode.c.objc; path = main.m; sourceTree = "<group>"; };
		6C2A51271D8CB55100ACCBA8 /* AppDelegate.h */ = {isa = PBXFileReference; lastKnownFileType = sourcecode.c.h; path = AppDelegate.h; sourceTree = "<group>"; };
		6C2A51281D8CB55100ACCBA8 /* AppDelegate.m */ = {isa = PBXFileReference; lastKnownFileType = sourcecode.c.objc; path = AppDelegate.m; sourceTree = "<group>"; };
		6C2A512A1D8CB55100ACCBA8 /* ViewController.h */ = {isa = PBXFileReference; lastKnownFileType = sourcecode.c.h; path = ViewController.h; sourceTree = "<group>"; };
		6C2A512B1D8CB55100ACCBA8 /* ViewController.m */ = {isa = PBXFileReference; lastKnownFileType = sourcecode.c.objc; path = ViewController.m; sourceTree = "<group>"; };
		6C2A512E1D8CB55100ACCBA8 /* Base */ = {isa = PBXFileReference; lastKnownFileType = file.storyboard; name = Base; path = Base.lproj/Main.storyboard; sourceTree = "<group>"; };
		6C2A51301D8CB55100ACCBA8 /* Assets.xcassets */ = {isa = PBXFileReference; lastKnownFileType = folder.assetcatalog; path = Assets.xcassets; sourceTree = "<group>"; };
		6C2A51331D8CB55100ACCBA8 /* Base */ = {isa = PBXFileReference; lastKnownFileType = file.storyboard; name = Base; path = Base.lproj/LaunchScreen.storyboard; sourceTree = "<group>"; };
		6C2A51351D8CB55100ACCBA8 /* Info.plist */ = {isa = PBXFileReference; lastKnownFileType = text.plist.xml; path = Info.plist; sourceTree = "<group>"; };
		6C2A513B1D8CB93C00ACCBA8 /* GoogleService-Info.plist */ = {isa = PBXFileReference; fileEncoding = 4; lastKnownFileType = text.plist.xml; path = "GoogleService-Info.plist"; sourceTree = "<group>"; };
		6C6789901D8D8C63006F4118 /* ScanditBarcodeScanner.framework */ = {isa = PBXFileReference; lastKnownFileType = wrapper.framework; path = ScanditBarcodeScanner.framework; sourceTree = "<group>"; };
		6C6789921D8D8CDC006F4118 /* ScanditBarcodeScanner.bundle */ = {isa = PBXFileReference; lastKnownFileType = "wrapper.plug-in"; path = ScanditBarcodeScanner.bundle; sourceTree = "<group>"; };
		6C6789941D8D8D1A006F4118 /* MediaPlayer.framework */ = {isa = PBXFileReference; lastKnownFileType = wrapper.framework; name = MediaPlayer.framework; path = System/Library/Frameworks/MediaPlayer.framework; sourceTree = SDKROOT; };
		6C6789961D8D8D21006F4118 /* CoreText.framework */ = {isa = PBXFileReference; lastKnownFileType = wrapper.framework; name = CoreText.framework; path = System/Library/Frameworks/CoreText.framework; sourceTree = SDKROOT; };
		6C6789981D8D8D28006F4118 /* OpenGLES.framework */ = {isa = PBXFileReference; lastKnownFileType = wrapper.framework; name = OpenGLES.framework; path = System/Library/Frameworks/OpenGLES.framework; sourceTree = SDKROOT; };
		6C67899A1D8D8D30006F4118 /* MessageUI.framework */ = {isa = PBXFileReference; lastKnownFileType = wrapper.framework; name = MessageUI.framework; path = System/Library/Frameworks/MessageUI.framework; sourceTree = SDKROOT; };
		6C67899C1D8D8D3A006F4118 /* CoreVideo.framework */ = {isa = PBXFileReference; lastKnownFileType = wrapper.framework; name = CoreVideo.framework; path = System/Library/Frameworks/CoreVideo.framework; sourceTree = SDKROOT; };
		6C67899E1D8D8D47006F4118 /* CoreGraphics.framework */ = {isa = PBXFileReference; lastKnownFileType = wrapper.framework; name = CoreGraphics.framework; path = System/Library/Frameworks/CoreGraphics.framework; sourceTree = SDKROOT; };
		6C6789A01D8D8D4F006F4118 /* AudioToolbox.framework */ = {isa = PBXFileReference; lastKnownFileType = wrapper.framework; name = AudioToolbox.framework; path = System/Library/Frameworks/AudioToolbox.framework; sourceTree = SDKROOT; };
		6C6789A21D8D8D56006F4118 /* AVFoundation.framework */ = {isa = PBXFileReference; lastKnownFileType = wrapper.framework; name = AVFoundation.framework; path = System/Library/Frameworks/AVFoundation.framework; sourceTree = SDKROOT; };
		6C6789A41D8D8D5D006F4118 /* QuartzCore.framework */ = {isa = PBXFileReference; lastKnownFileType = wrapper.framework; name = QuartzCore.framework; path = System/Library/Frameworks/QuartzCore.framework; sourceTree = SDKROOT; };
		6C6789A61D8D8D64006F4118 /* CoreLocation.framework */ = {isa = PBXFileReference; lastKnownFileType = wrapper.framework; name = CoreLocation.framework; path = System/Library/Frameworks/CoreLocation.framework; sourceTree = SDKROOT; };
		6C6789A81D8D8D6A006F4118 /* SystemConfiguration.framework */ = {isa = PBXFileReference; lastKnownFileType = wrapper.framework; name = SystemConfiguration.framework; path = System/Library/Frameworks/SystemConfiguration.framework; sourceTree = SDKROOT; };
		6C6789AA1D8D8D75006F4118 /* libz.tbd */ = {isa = PBXFileReference; lastKnownFileType = "sourcecode.text-based-dylib-definition"; name = libz.tbd; path = usr/lib/libz.tbd; sourceTree = SDKROOT; };
		6C6789AC1D8D8D85006F4118 /* libc++.tbd */ = {isa = PBXFileReference; lastKnownFileType = "sourcecode.text-based-dylib-definition"; name = "libc++.tbd"; path = "usr/lib/libc++.tbd"; sourceTree = SDKROOT; };
		6C6789AE1D8D8D92006F4118 /* libiconv.tbd */ = {isa = PBXFileReference; lastKnownFileType = "sourcecode.text-based-dylib-definition"; name = libiconv.tbd; path = usr/lib/libiconv.tbd; sourceTree = SDKROOT; };
		6C6789B01D8D8DCE006F4118 /* CoreMedia.framework */ = {isa = PBXFileReference; lastKnownFileType = wrapper.framework; name = CoreMedia.framework; path = System/Library/Frameworks/CoreMedia.framework; sourceTree = SDKROOT; };
		6C6789B21D8D8DE1006F4118 /* Foundation.framework */ = {isa = PBXFileReference; lastKnownFileType = wrapper.framework; name = Foundation.framework; path = System/Library/Frameworks/Foundation.framework; sourceTree = SDKROOT; };
		6FDB1F386C8E3683D202FACF /* Pods-Chuchi.debug.xcconfig */ = {isa = PBXFileReference; includeInIndex = 1; lastKnownFileType = text.xcconfig; name = "Pods-Chuchi.debug.xcconfig"; path = "Pods/Target Support Files/Pods-Chuchi/Pods-Chuchi.debug.xcconfig"; sourceTree = "<group>"; };
		88BEB814F4EE18CBC284CF20 /* libPods-ChuchiSiriExtension.a */ = {isa = PBXFileReference; explicitFileType = archive.ar; includeInIndex = 0; path = "libPods-ChuchiSiriExtension.a"; sourceTree = BUILT_PRODUCTS_DIR; };
		B69E01C8F60453911B7B73FE /* Pods-ChuchiSiriExtension.release.xcconfig */ = {isa = PBXFileReference; includeInIndex = 1; lastKnownFileType = text.xcconfig; name = "Pods-ChuchiSiriExtension.release.xcconfig"; path = "Pods/Target Support Files/Pods-ChuchiSiriExtension/Pods-ChuchiSiriExtension.release.xcconfig"; sourceTree = "<group>"; };
		C2B8133A1CCB983E2AF83BB9 /* libPods-Chuchi.a */ = {isa = PBXFileReference; explicitFileType = archive.ar; includeInIndex = 0; path = "libPods-Chuchi.a"; sourceTree = BUILT_PRODUCTS_DIR; };
		E785A41754EA1F254F42477B /* Pods-ChuchiSiriExtension.debug.xcconfig */ = {isa = PBXFileReference; includeInIndex = 1; lastKnownFileType = text.xcconfig; name = "Pods-ChuchiSiriExtension.debug.xcconfig"; path = "Pods/Target Support Files/Pods-ChuchiSiriExtension/Pods-ChuchiSiriExtension.debug.xcconfig"; sourceTree = "<group>"; };
/* End PBXFileReference section */

/* Begin PBXFrameworksBuildPhase section */
		27342A6F1D8D38C4007FFBC4 /* Frameworks */ = {
			isa = PBXFrameworksBuildPhase;
			buildActionMask = 2147483647;
			files = (
				9BF5C854961361AC8EB2E1B9 /* libPods-ChuchiSiriExtension.a in Frameworks */,
			);
			runOnlyForDeploymentPostprocessing = 0;
		};
		27342A791D8D38C4007FFBC4 /* Frameworks */ = {
			isa = PBXFrameworksBuildPhase;
			buildActionMask = 2147483647;
			files = (
				27342A7E1D8D38C4007FFBC4 /* IntentsUI.framework in Frameworks */,
			);
			runOnlyForDeploymentPostprocessing = 0;
		};
		6C2A511E1D8CB55100ACCBA8 /* Frameworks */ = {
			isa = PBXFrameworksBuildPhase;
			buildActionMask = 2147483647;
			files = (
				6C6789B31D8D8DE1006F4118 /* Foundation.framework in Frameworks */,
				6C6789B11D8D8DCE006F4118 /* CoreMedia.framework in Frameworks */,
				6C6789AF1D8D8D92006F4118 /* libiconv.tbd in Frameworks */,
				6C6789AD1D8D8D85006F4118 /* libc++.tbd in Frameworks */,
				6C6789AB1D8D8D75006F4118 /* libz.tbd in Frameworks */,
				6C6789A91D8D8D6A006F4118 /* SystemConfiguration.framework in Frameworks */,
				6C6789A71D8D8D64006F4118 /* CoreLocation.framework in Frameworks */,
				6C6789A51D8D8D5D006F4118 /* QuartzCore.framework in Frameworks */,
				6C6789A31D8D8D56006F4118 /* AVFoundation.framework in Frameworks */,
				6C6789A11D8D8D4F006F4118 /* AudioToolbox.framework in Frameworks */,
				6C67899F1D8D8D47006F4118 /* CoreGraphics.framework in Frameworks */,
				6C67899D1D8D8D3A006F4118 /* CoreVideo.framework in Frameworks */,
				6C67899B1D8D8D30006F4118 /* MessageUI.framework in Frameworks */,
				6C6789991D8D8D28006F4118 /* OpenGLES.framework in Frameworks */,
				6C6789971D8D8D21006F4118 /* CoreText.framework in Frameworks */,
				6C6789951D8D8D1A006F4118 /* MediaPlayer.framework in Frameworks */,
				27FD48C8D6D406FDE0C2236F /* libPods-Chuchi.a in Frameworks */,
				6C6789911D8D8C63006F4118 /* ScanditBarcodeScanner.framework in Frameworks */,
			);
			runOnlyForDeploymentPostprocessing = 0;
		};
/* End PBXFrameworksBuildPhase section */

/* Begin PBXGroup section */
		27324BC31D8D7D0D00CC1D26 /* View Controllers */ = {
			isa = PBXGroup;
			children = (
				6C2A512A1D8CB55100ACCBA8 /* ViewController.h */,
				6C2A512B1D8CB55100ACCBA8 /* ViewController.m */,
			);
			name = "View Controllers";
			sourceTree = "<group>";
		};
		27342A671D8CBD03007FFBC4 /* Model */ = {
			isa = PBXGroup;
			children = (
				27342A681D8CBD21007FFBC4 /* Reminder.h */,
				27342A691D8CBD21007FFBC4 /* Reminder.m */,
				27342A6B1D8CBE66007FFBC4 /* Product.h */,
				27342A6C1D8CBE66007FFBC4 /* Product.m */,
				27324BC41D8D7D2300CC1D26 /* User.h */,
				27324BC51D8D7D2300CC1D26 /* User.m */,
			);
			name = Model;
			sourceTree = "<group>";
		};
		27342A731D8D38C4007FFBC4 /* ChuchiSiriExtension */ = {
			isa = PBXGroup;
			children = (
				27342A741D8D38C4007FFBC4 /* IntentHandler.h */,
				27342A751D8D38C4007FFBC4 /* IntentHandler.m */,
				27342A9A1D8D4701007FFBC4 /* GoogleService-Info.plist */,
				27342A771D8D38C4007FFBC4 /* Info.plist */,
			);
			path = ChuchiSiriExtension;
			sourceTree = "<group>";
		};
		27342A7F1D8D38C4007FFBC4 /* ChuchiSiriExtensionUI */ = {
			isa = PBXGroup;
			children = (
				27342A801D8D38C4007FFBC4 /* IntentViewController.h */,
				27342A811D8D38C4007FFBC4 /* IntentViewController.m */,
				27342A831D8D38C4007FFBC4 /* MainInterface.storyboard */,
				27342A861D8D38C4007FFBC4 /* Info.plist */,
			);
			path = ChuchiSiriExtensionUI;
			sourceTree = "<group>";
		};
		27342A941D8D3F1F007FFBC4 /* Services */ = {
			isa = PBXGroup;
			children = (
				27342A951D8D3F32007FFBC4 /* ReminderCreatorService.h */,
				27342A961D8D3F32007FFBC4 /* ReminderCreatorService.m */,
				27324BC01D8D6F4C00CC1D26 /* AvailabilityCheckService.h */,
				27324BC11D8D6F4C00CC1D26 /* AvailabilityCheckService.m */,
				27324BC71D8D84AD00CC1D26 /* ProductService.h */,
				27324BC81D8D84AD00CC1D26 /* ProductService.m */,
			);
			name = Services;
			sourceTree = "<group>";
		};
		6C2A51181D8CB55100ACCBA8 = {
			isa = PBXGroup;
			children = (
				6C2A51231D8CB55100ACCBA8 /* Chuchi */,
				27342A731D8D38C4007FFBC4 /* ChuchiSiriExtension */,
				27342A7F1D8D38C4007FFBC4 /* ChuchiSiriExtensionUI */,
				6C2A51221D8CB55100ACCBA8 /* Products */,
				A21E329900E99F751DDE3EED /* Pods */,
				C8BCA3DCE7B763CF0B780DFE /* Frameworks */,
			);
			sourceTree = "<group>";
		};
		6C2A51221D8CB55100ACCBA8 /* Products */ = {
			isa = PBXGroup;
			children = (
				6C2A51211D8CB55100ACCBA8 /* Chuchi.app */,
				27342A721D8D38C4007FFBC4 /* ChuchiSiriExtension.appex */,
				27342A7C1D8D38C4007FFBC4 /* ChuchiSiriExtensionUI.appex */,
			);
			name = Products;
			sourceTree = "<group>";
		};
		6C2A51231D8CB55100ACCBA8 /* Chuchi */ = {
			isa = PBXGroup;
			children = (
				6C6789921D8D8CDC006F4118 /* ScanditBarcodeScanner.bundle */,
				27324BC31D8D7D0D00CC1D26 /* View Controllers */,
				27342A941D8D3F1F007FFBC4 /* Services */,
				27342A671D8CBD03007FFBC4 /* Model */,
				6C2A51271D8CB55100ACCBA8 /* AppDelegate.h */,
				6C2A51281D8CB55100ACCBA8 /* AppDelegate.m */,
				6C2A512D1D8CB55100ACCBA8 /* Main.storyboard */,
				6C2A51301D8CB55100ACCBA8 /* Assets.xcassets */,
				6C2A51321D8CB55100ACCBA8 /* LaunchScreen.storyboard */,
				6C2A51241D8CB55100ACCBA8 /* Supporting Files */,
			);
			path = Chuchi;
			sourceTree = "<group>";
		};
		6C2A51241D8CB55100ACCBA8 /* Supporting Files */ = {
			isa = PBXGroup;
			children = (
				6C2A513B1D8CB93C00ACCBA8 /* GoogleService-Info.plist */,
				6C2A51351D8CB55100ACCBA8 /* Info.plist */,
				6C2A51251D8CB55100ACCBA8 /* main.m */,
			);
			name = "Supporting Files";
			sourceTree = "<group>";
		};
		A21E329900E99F751DDE3EED /* Pods */ = {
			isa = PBXGroup;
			children = (
				6FDB1F386C8E3683D202FACF /* Pods-Chuchi.debug.xcconfig */,
				14CAB625B84134BA72AC4233 /* Pods-Chuchi.release.xcconfig */,
				E785A41754EA1F254F42477B /* Pods-ChuchiSiriExtension.debug.xcconfig */,
				B69E01C8F60453911B7B73FE /* Pods-ChuchiSiriExtension.release.xcconfig */,
			);
			name = Pods;
			sourceTree = "<group>";
		};
		C8BCA3DCE7B763CF0B780DFE /* Frameworks */ = {
			isa = PBXGroup;
			children = (
				6C6789B21D8D8DE1006F4118 /* Foundation.framework */,
				6C6789B01D8D8DCE006F4118 /* CoreMedia.framework */,
				6C6789AE1D8D8D92006F4118 /* libiconv.tbd */,
				6C6789AC1D8D8D85006F4118 /* libc++.tbd */,
				6C6789AA1D8D8D75006F4118 /* libz.tbd */,
				6C6789A81D8D8D6A006F4118 /* SystemConfiguration.framework */,
				6C6789A61D8D8D64006F4118 /* CoreLocation.framework */,
				6C6789A41D8D8D5D006F4118 /* QuartzCore.framework */,
				6C6789A21D8D8D56006F4118 /* AVFoundation.framework */,
				6C6789A01D8D8D4F006F4118 /* AudioToolbox.framework */,
				6C67899E1D8D8D47006F4118 /* CoreGraphics.framework */,
				6C67899C1D8D8D3A006F4118 /* CoreVideo.framework */,
				6C67899A1D8D8D30006F4118 /* MessageUI.framework */,
				6C6789981D8D8D28006F4118 /* OpenGLES.framework */,
				6C6789961D8D8D21006F4118 /* CoreText.framework */,
				6C6789941D8D8D1A006F4118 /* MediaPlayer.framework */,
				6C6789901D8D8C63006F4118 /* ScanditBarcodeScanner.framework */,
				C2B8133A1CCB983E2AF83BB9 /* libPods-Chuchi.a */,
				27342A7D1D8D38C4007FFBC4 /* IntentsUI.framework */,
				88BEB814F4EE18CBC284CF20 /* libPods-ChuchiSiriExtension.a */,
			);
			name = Frameworks;
			sourceTree = "<group>";
		};
/* End PBXGroup section */

/* Begin PBXNativeTarget section */
		27342A711D8D38C4007FFBC4 /* ChuchiSiriExtension */ = {
			isa = PBXNativeTarget;
			buildConfigurationList = 27342A921D8D38C4007FFBC4 /* Build configuration list for PBXNativeTarget "ChuchiSiriExtension" */;
			buildPhases = (
				E6ACD23B5C1269100FB5F75D /* [CP] Check Pods Manifest.lock */,
				27342A6E1D8D38C4007FFBC4 /* Sources */,
				27342A6F1D8D38C4007FFBC4 /* Frameworks */,
				27342A701D8D38C4007FFBC4 /* Resources */,
				4A62F215A6F2A4B7FD022E4F /* [CP] Embed Pods Frameworks */,
				3CCCF64E1922E906C1AAC9A6 /* [CP] Copy Pods Resources */,
			);
			buildRules = (
			);
			dependencies = (
			);
			name = ChuchiSiriExtension;
			productName = ChuchiSiriExtension;
			productReference = 27342A721D8D38C4007FFBC4 /* ChuchiSiriExtension.appex */;
			productType = "com.apple.product-type.app-extension";
		};
		27342A7B1D8D38C4007FFBC4 /* ChuchiSiriExtensionUI */ = {
			isa = PBXNativeTarget;
			buildConfigurationList = 27342A911D8D38C4007FFBC4 /* Build configuration list for PBXNativeTarget "ChuchiSiriExtensionUI" */;
			buildPhases = (
				27342A781D8D38C4007FFBC4 /* Sources */,
				27342A791D8D38C4007FFBC4 /* Frameworks */,
				27342A7A1D8D38C4007FFBC4 /* Resources */,
			);
			buildRules = (
			);
			dependencies = (
			);
			name = ChuchiSiriExtensionUI;
			productName = ChuchiSiriExtensionUI;
			productReference = 27342A7C1D8D38C4007FFBC4 /* ChuchiSiriExtensionUI.appex */;
			productType = "com.apple.product-type.app-extension";
		};
		6C2A51201D8CB55100ACCBA8 /* Chuchi */ = {
			isa = PBXNativeTarget;
			buildConfigurationList = 6C2A51381D8CB55100ACCBA8 /* Build configuration list for PBXNativeTarget "Chuchi" */;
			buildPhases = (
				04F6FD1C07D36C3A5B39A4CB /* [CP] Check Pods Manifest.lock */,
				6C2A511D1D8CB55100ACCBA8 /* Sources */,
				6C2A511E1D8CB55100ACCBA8 /* Frameworks */,
				6C2A511F1D8CB55100ACCBA8 /* Resources */,
				CC8234EE628F2BADA2EA2EB0 /* [CP] Embed Pods Frameworks */,
				AC7293ED8A6A5E7DFD9E2C52 /* [CP] Copy Pods Resources */,
				27342A931D8D38C4007FFBC4 /* Embed App Extensions */,
			);
			buildRules = (
			);
			dependencies = (
				27342A881D8D38C4007FFBC4 /* PBXTargetDependency */,
				27342A8B1D8D38C4007FFBC4 /* PBXTargetDependency */,
			);
			name = Chuchi;
			productName = Chuchi;
			productReference = 6C2A51211D8CB55100ACCBA8 /* Chuchi.app */;
			productType = "com.apple.product-type.application";
		};
/* End PBXNativeTarget section */

/* Begin PBXProject section */
		6C2A51191D8CB55100ACCBA8 /* Project object */ = {
			isa = PBXProject;
			attributes = {
				LastUpgradeCheck = 0800;
				ORGANIZATIONNAME = angel;
				TargetAttributes = {
					27342A711D8D38C4007FFBC4 = {
						CreatedOnToolsVersion = 8.0;
						DevelopmentTeam = P8ED3QV2RU;
						ProvisioningStyle = Automatic;
					};
					27342A7B1D8D38C4007FFBC4 = {
						CreatedOnToolsVersion = 8.0;
						DevelopmentTeam = P8ED3QV2RU;
						ProvisioningStyle = Automatic;
					};
					6C2A51201D8CB55100ACCBA8 = {
						CreatedOnToolsVersion = 8.0;
						DevelopmentTeam = P8ED3QV2RU;
						ProvisioningStyle = Automatic;
					};
				};
			};
			buildConfigurationList = 6C2A511C1D8CB55100ACCBA8 /* Build configuration list for PBXProject "Chuchi" */;
			compatibilityVersion = "Xcode 3.2";
			developmentRegion = English;
			hasScannedForEncodings = 0;
			knownRegions = (
				en,
				Base,
			);
			mainGroup = 6C2A51181D8CB55100ACCBA8;
			productRefGroup = 6C2A51221D8CB55100ACCBA8 /* Products */;
			projectDirPath = "";
			projectRoot = "";
			targets = (
				6C2A51201D8CB55100ACCBA8 /* Chuchi */,
				27342A711D8D38C4007FFBC4 /* ChuchiSiriExtension */,
				27342A7B1D8D38C4007FFBC4 /* ChuchiSiriExtensionUI */,
			);
		};
/* End PBXProject section */

/* Begin PBXResourcesBuildPhase section */
		27342A701D8D38C4007FFBC4 /* Resources */ = {
			isa = PBXResourcesBuildPhase;
			buildActionMask = 2147483647;
			files = (
				27342A9B1D8D4701007FFBC4 /* GoogleService-Info.plist in Resources */,
			);
			runOnlyForDeploymentPostprocessing = 0;
		};
		27342A7A1D8D38C4007FFBC4 /* Resources */ = {
			isa = PBXResourcesBuildPhase;
			buildActionMask = 2147483647;
			files = (
				27342A851D8D38C4007FFBC4 /* MainInterface.storyboard in Resources */,
			);
			runOnlyForDeploymentPostprocessing = 0;
		};
		6C2A511F1D8CB55100ACCBA8 /* Resources */ = {
			isa = PBXResourcesBuildPhase;
			buildActionMask = 2147483647;
			files = (
				6C2A51341D8CB55100ACCBA8 /* LaunchScreen.storyboard in Resources */,
				6C2A513C1D8CB93C00ACCBA8 /* GoogleService-Info.plist in Resources */,
				6C2A51311D8CB55100ACCBA8 /* Assets.xcassets in Resources */,
				6C6789931D8D8CDC006F4118 /* ScanditBarcodeScanner.bundle in Resources */,
				6C2A512F1D8CB55100ACCBA8 /* Main.storyboard in Resources */,
			);
			runOnlyForDeploymentPostprocessing = 0;
		};
/* End PBXResourcesBuildPhase section */

/* Begin PBXShellScriptBuildPhase section */
		04F6FD1C07D36C3A5B39A4CB /* [CP] Check Pods Manifest.lock */ = {
			isa = PBXShellScriptBuildPhase;
			buildActionMask = 2147483647;
			files = (
			);
			inputPaths = (
			);
			name = "[CP] Check Pods Manifest.lock";
			outputPaths = (
			);
			runOnlyForDeploymentPostprocessing = 0;
			shellPath = /bin/sh;
			shellScript = "diff \"${PODS_ROOT}/../Podfile.lock\" \"${PODS_ROOT}/Manifest.lock\" > /dev/null\nif [[ $? != 0 ]] ; then\n    cat << EOM\nerror: The sandbox is not in sync with the Podfile.lock. Run 'pod install' or update your CocoaPods installation.\nEOM\n    exit 1\nfi\n";
			showEnvVarsInLog = 0;
		};
		3CCCF64E1922E906C1AAC9A6 /* [CP] Copy Pods Resources */ = {
			isa = PBXShellScriptBuildPhase;
			buildActionMask = 2147483647;
			files = (
			);
			inputPaths = (
			);
			name = "[CP] Copy Pods Resources";
			outputPaths = (
			);
			runOnlyForDeploymentPostprocessing = 0;
			shellPath = /bin/sh;
			shellScript = "\"${SRCROOT}/Pods/Target Support Files/Pods-ChuchiSiriExtension/Pods-ChuchiSiriExtension-resources.sh\"\n";
			showEnvVarsInLog = 0;
		};
		4A62F215A6F2A4B7FD022E4F /* [CP] Embed Pods Frameworks */ = {
			isa = PBXShellScriptBuildPhase;
			buildActionMask = 2147483647;
			files = (
			);
			inputPaths = (
			);
			name = "[CP] Embed Pods Frameworks";
			outputPaths = (
			);
			runOnlyForDeploymentPostprocessing = 0;
			shellPath = /bin/sh;
			shellScript = "\"${SRCROOT}/Pods/Target Support Files/Pods-ChuchiSiriExtension/Pods-ChuchiSiriExtension-frameworks.sh\"\n";
			showEnvVarsInLog = 0;
		};
		AC7293ED8A6A5E7DFD9E2C52 /* [CP] Copy Pods Resources */ = {
			isa = PBXShellScriptBuildPhase;
			buildActionMask = 2147483647;
			files = (
			);
			inputPaths = (
			);
			name = "[CP] Copy Pods Resources";
			outputPaths = (
			);
			runOnlyForDeploymentPostprocessing = 0;
			shellPath = /bin/sh;
			shellScript = "\"${SRCROOT}/Pods/Target Support Files/Pods-Chuchi/Pods-Chuchi-resources.sh\"\n";
			showEnvVarsInLog = 0;
		};
		CC8234EE628F2BADA2EA2EB0 /* [CP] Embed Pods Frameworks */ = {
			isa = PBXShellScriptBuildPhase;
			buildActionMask = 2147483647;
			files = (
			);
			inputPaths = (
			);
			name = "[CP] Embed Pods Frameworks";
			outputPaths = (
			);
			runOnlyForDeploymentPostprocessing = 0;
			shellPath = /bin/sh;
			shellScript = "\"${SRCROOT}/Pods/Target Support Files/Pods-Chuchi/Pods-Chuchi-frameworks.sh\"\n";
			showEnvVarsInLog = 0;
		};
		E6ACD23B5C1269100FB5F75D /* [CP] Check Pods Manifest.lock */ = {
			isa = PBXShellScriptBuildPhase;
			buildActionMask = 2147483647;
			files = (
			);
			inputPaths = (
			);
			name = "[CP] Check Pods Manifest.lock";
			outputPaths = (
			);
			runOnlyForDeploymentPostprocessing = 0;
			shellPath = /bin/sh;
			shellScript = "diff \"${PODS_ROOT}/../Podfile.lock\" \"${PODS_ROOT}/Manifest.lock\" > /dev/null\nif [[ $? != 0 ]] ; then\n    cat << EOM\nerror: The sandbox is not in sync with the Podfile.lock. Run 'pod install' or update your CocoaPods installation.\nEOM\n    exit 1\nfi\n";
			showEnvVarsInLog = 0;
		};
/* End PBXShellScriptBuildPhase section */

/* Begin PBXSourcesBuildPhase section */
		27342A6E1D8D38C4007FFBC4 /* Sources */ = {
			isa = PBXSourcesBuildPhase;
			buildActionMask = 2147483647;
			files = (
				27342A761D8D38C4007FFBC4 /* IntentHandler.m in Sources */,
			);
			runOnlyForDeploymentPostprocessing = 0;
		};
		27342A781D8D38C4007FFBC4 /* Sources */ = {
			isa = PBXSourcesBuildPhase;
			buildActionMask = 2147483647;
			files = (
				27342A821D8D38C4007FFBC4 /* IntentViewController.m in Sources */,
			);
			runOnlyForDeploymentPostprocessing = 0;
		};
		6C2A511D1D8CB55100ACCBA8 /* Sources */ = {
			isa = PBXSourcesBuildPhase;
			buildActionMask = 2147483647;
			files = (
				27324BC61D8D7D2300CC1D26 /* User.m in Sources */,
				6C2A512C1D8CB55100ACCBA8 /* ViewController.m in Sources */,
				27342A6D1D8CBE66007FFBC4 /* Product.m in Sources */,
				27324BC91D8D84AD00CC1D26 /* ProductService.m in Sources */,
				6C2A51291D8CB55100ACCBA8 /* AppDelegate.m in Sources */,
				6C2A51261D8CB55100ACCBA8 /* main.m in Sources */,
				27342A971D8D3F32007FFBC4 /* ReminderCreatorService.m in Sources */,
				27324BC21D8D6F4C00CC1D26 /* AvailabilityCheckService.m in Sources */,
				27342A6A1D8CBD21007FFBC4 /* Reminder.m in Sources */,
			);
			runOnlyForDeploymentPostprocessing = 0;
		};
/* End PBXSourcesBuildPhase section */

/* Begin PBXTargetDependency section */
		27342A881D8D38C4007FFBC4 /* PBXTargetDependency */ = {
			isa = PBXTargetDependency;
			target = 27342A7B1D8D38C4007FFBC4 /* ChuchiSiriExtensionUI */;
			targetProxy = 27342A871D8D38C4007FFBC4 /* PBXContainerItemProxy */;
		};
		27342A8B1D8D38C4007FFBC4 /* PBXTargetDependency */ = {
			isa = PBXTargetDependency;
			target = 27342A711D8D38C4007FFBC4 /* ChuchiSiriExtension */;
			targetProxy = 27342A8A1D8D38C4007FFBC4 /* PBXContainerItemProxy */;
		};
/* End PBXTargetDependency section */

/* Begin PBXVariantGroup section */
		27342A831D8D38C4007FFBC4 /* MainInterface.storyboard */ = {
			isa = PBXVariantGroup;
			children = (
				27342A841D8D38C4007FFBC4 /* Base */,
			);
			name = MainInterface.storyboard;
			sourceTree = "<group>";
		};
		6C2A512D1D8CB55100ACCBA8 /* Main.storyboard */ = {
			isa = PBXVariantGroup;
			children = (
				6C2A512E1D8CB55100ACCBA8 /* Base */,
			);
			name = Main.storyboard;
			sourceTree = "<group>";
		};
		6C2A51321D8CB55100ACCBA8 /* LaunchScreen.storyboard */ = {
			isa = PBXVariantGroup;
			children = (
				6C2A51331D8CB55100ACCBA8 /* Base */,
			);
			name = LaunchScreen.storyboard;
			sourceTree = "<group>";
		};
/* End PBXVariantGroup section */

/* Begin XCBuildConfiguration section */
		27342A8D1D8D38C4007FFBC4 /* Debug */ = {
			isa = XCBuildConfiguration;
			baseConfigurationReference = E785A41754EA1F254F42477B /* Pods-ChuchiSiriExtension.debug.xcconfig */;
			buildSettings = {
				DEVELOPMENT_TEAM = P8ED3QV2RU;
				INFOPLIST_FILE = ChuchiSiriExtension/Info.plist;
				LD_RUNPATH_SEARCH_PATHS = "$(inherited) @executable_path/Frameworks @executable_path/../../Frameworks";
				PRODUCT_BUNDLE_IDENTIFIER = hackzurich.Chuchi.ChuchiSiriExtension;
				PRODUCT_NAME = "$(TARGET_NAME)";
				SKIP_INSTALL = YES;
			};
			name = Debug;
		};
		27342A8E1D8D38C4007FFBC4 /* Release */ = {
			isa = XCBuildConfiguration;
			baseConfigurationReference = B69E01C8F60453911B7B73FE /* Pods-ChuchiSiriExtension.release.xcconfig */;
			buildSettings = {
				DEVELOPMENT_TEAM = P8ED3QV2RU;
				INFOPLIST_FILE = ChuchiSiriExtension/Info.plist;
				LD_RUNPATH_SEARCH_PATHS = "$(inherited) @executable_path/Frameworks @executable_path/../../Frameworks";
				PRODUCT_BUNDLE_IDENTIFIER = hackzurich.Chuchi.ChuchiSiriExtension;
				PRODUCT_NAME = "$(TARGET_NAME)";
				SKIP_INSTALL = YES;
			};
			name = Release;
		};
		27342A8F1D8D38C4007FFBC4 /* Debug */ = {
			isa = XCBuildConfiguration;
			buildSettings = {
				DEVELOPMENT_TEAM = P8ED3QV2RU;
				INFOPLIST_FILE = ChuchiSiriExtensionUI/Info.plist;
				LD_RUNPATH_SEARCH_PATHS = "$(inherited) @executable_path/Frameworks @executable_path/../../Frameworks";
				PRODUCT_BUNDLE_IDENTIFIER = hackzurich.Chuchi.ChuchiSiriExtensionUI;
				PRODUCT_NAME = "$(TARGET_NAME)";
				SKIP_INSTALL = YES;
			};
			name = Debug;
		};
		27342A901D8D38C4007FFBC4 /* Release */ = {
			isa = XCBuildConfiguration;
			buildSettings = {
				DEVELOPMENT_TEAM = P8ED3QV2RU;
				INFOPLIST_FILE = ChuchiSiriExtensionUI/Info.plist;
				LD_RUNPATH_SEARCH_PATHS = "$(inherited) @executable_path/Frameworks @executable_path/../../Frameworks";
				PRODUCT_BUNDLE_IDENTIFIER = hackzurich.Chuchi.ChuchiSiriExtensionUI;
				PRODUCT_NAME = "$(TARGET_NAME)";
				SKIP_INSTALL = YES;
			};
			name = Release;
		};
		6C2A51361D8CB55100ACCBA8 /* Debug */ = {
			isa = XCBuildConfiguration;
			buildSettings = {
				ALWAYS_SEARCH_USER_PATHS = NO;
				CLANG_ANALYZER_NONNULL = YES;
				CLANG_CXX_LANGUAGE_STANDARD = "gnu++0x";
				CLANG_CXX_LIBRARY = "libc++";
				CLANG_ENABLE_MODULES = YES;
				CLANG_ENABLE_OBJC_ARC = YES;
				CLANG_WARN_BOOL_CONVERSION = YES;
				CLANG_WARN_CONSTANT_CONVERSION = YES;
				CLANG_WARN_DIRECT_OBJC_ISA_USAGE = YES_ERROR;
				CLANG_WARN_DOCUMENTATION_COMMENTS = YES;
				CLANG_WARN_EMPTY_BODY = YES;
				CLANG_WARN_ENUM_CONVERSION = YES;
				CLANG_WARN_INFINITE_RECURSION = YES;
				CLANG_WARN_INT_CONVERSION = YES;
				CLANG_WARN_OBJC_ROOT_CLASS = YES_ERROR;
				CLANG_WARN_SUSPICIOUS_MOVES = YES;
				CLANG_WARN_UNREACHABLE_CODE = YES;
				CLANG_WARN__DUPLICATE_METHOD_MATCH = YES;
				"CODE_SIGN_IDENTITY[sdk=iphoneos*]" = "iPhone Developer";
				COPY_PHASE_STRIP = NO;
				DEBUG_INFORMATION_FORMAT = dwarf;
				ENABLE_STRICT_OBJC_MSGSEND = YES;
				ENABLE_TESTABILITY = YES;
				GCC_C_LANGUAGE_STANDARD = gnu99;
				GCC_DYNAMIC_NO_PIC = NO;
				GCC_NO_COMMON_BLOCKS = YES;
				GCC_OPTIMIZATION_LEVEL = 0;
				GCC_PREPROCESSOR_DEFINITIONS = (
					"DEBUG=1",
					"$(inherited)",
				);
				GCC_WARN_64_TO_32_BIT_CONVERSION = YES;
				GCC_WARN_ABOUT_RETURN_TYPE = YES_ERROR;
				GCC_WARN_UNDECLARED_SELECTOR = YES;
				GCC_WARN_UNINITIALIZED_AUTOS = YES_AGGRESSIVE;
				GCC_WARN_UNUSED_FUNCTION = YES;
				GCC_WARN_UNUSED_VARIABLE = YES;
				IPHONEOS_DEPLOYMENT_TARGET = 10.0;
				MTL_ENABLE_DEBUG_INFO = YES;
				ONLY_ACTIVE_ARCH = YES;
				SDKROOT = iphoneos;
			};
			name = Debug;
		};
		6C2A51371D8CB55100ACCBA8 /* Release */ = {
			isa = XCBuildConfiguration;
			buildSettings = {
				ALWAYS_SEARCH_USER_PATHS = NO;
				CLANG_ANALYZER_NONNULL = YES;
				CLANG_CXX_LANGUAGE_STANDARD = "gnu++0x";
				CLANG_CXX_LIBRARY = "libc++";
				CLANG_ENABLE_MODULES = YES;
				CLANG_ENABLE_OBJC_ARC = YES;
				CLANG_WARN_BOOL_CONVERSION = YES;
				CLANG_WARN_CONSTANT_CONVERSION = YES;
				CLANG_WARN_DIRECT_OBJC_ISA_USAGE = YES_ERROR;
				CLANG_WARN_DOCUMENTATION_COMMENTS = YES;
				CLANG_WARN_EMPTY_BODY = YES;
				CLANG_WARN_ENUM_CONVERSION = YES;
				CLANG_WARN_INFINITE_RECURSION = YES;
				CLANG_WARN_INT_CONVERSION = YES;
				CLANG_WARN_OBJC_ROOT_CLASS = YES_ERROR;
				CLANG_WARN_SUSPICIOUS_MOVES = YES;
				CLANG_WARN_UNREACHABLE_CODE = YES;
				CLANG_WARN__DUPLICATE_METHOD_MATCH = YES;
				"CODE_SIGN_IDENTITY[sdk=iphoneos*]" = "iPhone Developer";
				COPY_PHASE_STRIP = NO;
				DEBUG_INFORMATION_FORMAT = "dwarf-with-dsym";
				ENABLE_NS_ASSERTIONS = NO;
				ENABLE_STRICT_OBJC_MSGSEND = YES;
				GCC_C_LANGUAGE_STANDARD = gnu99;
				GCC_NO_COMMON_BLOCKS = YES;
				GCC_WARN_64_TO_32_BIT_CONVERSION = YES;
				GCC_WARN_ABOUT_RETURN_TYPE = YES_ERROR;
				GCC_WARN_UNDECLARED_SELECTOR = YES;
				GCC_WARN_UNINITIALIZED_AUTOS = YES_AGGRESSIVE;
				GCC_WARN_UNUSED_FUNCTION = YES;
				GCC_WARN_UNUSED_VARIABLE = YES;
				IPHONEOS_DEPLOYMENT_TARGET = 10.0;
				MTL_ENABLE_DEBUG_INFO = NO;
				SDKROOT = iphoneos;
				VALIDATE_PRODUCT = YES;
			};
			name = Release;
		};
		6C2A51391D8CB55100ACCBA8 /* Debug */ = {
			isa = XCBuildConfiguration;
			baseConfigurationReference = 6FDB1F386C8E3683D202FACF /* Pods-Chuchi.debug.xcconfig */;
			buildSettings = {
				ASSETCATALOG_COMPILER_APPICON_NAME = AppIcon;
				DEVELOPMENT_TEAM = P8ED3QV2RU;
				FRAMEWORK_SEARCH_PATHS = (
					"$(inherited)",
					"$(PROJECT_DIR)",
				);
				INFOPLIST_FILE = Chuchi/Info.plist;
				LD_RUNPATH_SEARCH_PATHS = "$(inherited) @executable_path/Frameworks";
				PRODUCT_BUNDLE_IDENTIFIER = hackzurich.Chuchi;
				PRODUCT_NAME = "$(TARGET_NAME)";
			};
			name = Debug;
		};
		6C2A513A1D8CB55100ACCBA8 /* Release */ = {
			isa = XCBuildConfiguration;
			baseConfigurationReference = 14CAB625B84134BA72AC4233 /* Pods-Chuchi.release.xcconfig */;
			buildSettings = {
				ASSETCATALOG_COMPILER_APPICON_NAME = AppIcon;
				DEVELOPMENT_TEAM = P8ED3QV2RU;
				FRAMEWORK_SEARCH_PATHS = (
					"$(inherited)",
					"$(PROJECT_DIR)",
				);
				INFOPLIST_FILE = Chuchi/Info.plist;
				LD_RUNPATH_SEARCH_PATHS = "$(inherited) @executable_path/Frameworks";
				PRODUCT_BUNDLE_IDENTIFIER = hackzurich.Chuchi;
				PRODUCT_NAME = "$(TARGET_NAME)";
			};
			name = Release;
		};
/* End XCBuildConfiguration section */

/* Begin XCConfigurationList section */
		27342A911D8D38C4007FFBC4 /* Build configuration list for PBXNativeTarget "ChuchiSiriExtensionUI" */ = {
			isa = XCConfigurationList;
			buildConfigurations = (
				27342A8F1D8D38C4007FFBC4 /* Debug */,
				27342A901D8D38C4007FFBC4 /* Release */,
			);
			defaultConfigurationIsVisible = 0;
			defaultConfigurationName = Release;
		};
		27342A921D8D38C4007FFBC4 /* Build configuration list for PBXNativeTarget "ChuchiSiriExtension" */ = {
			isa = XCConfigurationList;
			buildConfigurations = (
				27342A8D1D8D38C4007FFBC4 /* Debug */,
				27342A8E1D8D38C4007FFBC4 /* Release */,
			);
			defaultConfigurationIsVisible = 0;
			defaultConfigurationName = Release;
		};
		6C2A511C1D8CB55100ACCBA8 /* Build configuration list for PBXProject "Chuchi" */ = {
			isa = XCConfigurationList;
			buildConfigurations = (
				6C2A51361D8CB55100ACCBA8 /* Debug */,
				6C2A51371D8CB55100ACCBA8 /* Release */,
			);
			defaultConfigurationIsVisible = 0;
			defaultConfigurationName = Release;
		};
		6C2A51381D8CB55100ACCBA8 /* Build configuration list for PBXNativeTarget "Chuchi" */ = {
			isa = XCConfigurationList;
			buildConfigurations = (
				6C2A51391D8CB55100ACCBA8 /* Debug */,
				6C2A513A1D8CB55100ACCBA8 /* Release */,
			);
			defaultConfigurationIsVisible = 0;
			defaultConfigurationName = Release;
		};
/* End XCConfigurationList section */
	};
	rootObject = 6C2A51191D8CB55100ACCBA8 /* Project object */;
}
